// !$*UTF8*$!
{
	archiveVersion = 1;
	classes = {
	};
	objectVersion = 51;
	objects = {

/* Begin PBXBuildFile section */
		95912FAC32515452C42F82D8 /* Pods_Muzzez_School.framework in Frameworks */ = {isa = PBXBuildFile; fileRef = 619CC5ED2DC07B1F0C226D52 /* Pods_Muzzez_School.framework */; };
		EC0DBF61264F67C2004C98B9 /* CustomPresentViewController.swift in Sources */ = {isa = PBXBuildFile; fileRef = EC0DBF5E264F67C2004C98B9 /* CustomPresentViewController.swift */; };
		EC0DBF62264F67C2004C98B9 /* Indicator.swift in Sources */ = {isa = PBXBuildFile; fileRef = EC0DBF5F264F67C2004C98B9 /* Indicator.swift */; };
		EC0DBF63264F67C2004C98B9 /* NavigationBarColor.swift in Sources */ = {isa = PBXBuildFile; fileRef = EC0DBF60264F67C2004C98B9 /* NavigationBarColor.swift */; };
		EC0DBF67264F6DB3004C98B9 /* CourseCellView.swift in Sources */ = {isa = PBXBuildFile; fileRef = EC0DBF66264F6DB3004C98B9 /* CourseCellView.swift */; };
		EC2D7C232642292F00FB8F3D /* HomeView.swift in Sources */ = {isa = PBXBuildFile; fileRef = EC2D7C222642292F00FB8F3D /* HomeView.swift */; };
		EC2D7C252642325900FB8F3D /* GoogleService-Info.plist in Resources */ = {isa = PBXBuildFile; fileRef = EC2D7C242642325900FB8F3D /* GoogleService-Info.plist */; };
		EC2D7C272642381E00FB8F3D /* AccountView.swift in Sources */ = {isa = PBXBuildFile; fileRef = EC2D7C262642381E00FB8F3D /* AccountView.swift */; };
		EC2D7C2926423D3500FB8F3D /* CourseView.swift in Sources */ = {isa = PBXBuildFile; fileRef = EC2D7C2826423D3500FB8F3D /* CourseView.swift */; };
		EC2D7C2B26423DFB00FB8F3D /* HomeFrstView.swift in Sources */ = {isa = PBXBuildFile; fileRef = EC2D7C2A26423DFB00FB8F3D /* HomeFrstView.swift */; };
		EC2D7C2D264248CF00FB8F3D /* CourseDetailView.swift in Sources */ = {isa = PBXBuildFile; fileRef = EC2D7C2C264248CF00FB8F3D /* CourseDetailView.swift */; };
		EC2D7C2F2642494E00FB8F3D /* BlurView.swift in Sources */ = {isa = PBXBuildFile; fileRef = EC2D7C2E2642494E00FB8F3D /* BlurView.swift */; };
		EC2D7C312642DD9A00FB8F3D /* TipsCardView.swift in Sources */ = {isa = PBXBuildFile; fileRef = EC2D7C302642DD9900FB8F3D /* TipsCardView.swift */; };
		EC2D7C332642E1BD00FB8F3D /* Course.swift in Sources */ = {isa = PBXBuildFile; fileRef = EC2D7C322642E1BC00FB8F3D /* Course.swift */; };
		EC2D7C352642E1F100FB8F3D /* Tips.swift in Sources */ = {isa = PBXBuildFile; fileRef = EC2D7C342642E1F100FB8F3D /* Tips.swift */; };
		EC2D7C372642E52200FB8F3D /* DetailView.swift in Sources */ = {isa = PBXBuildFile; fileRef = EC2D7C362642E52000FB8F3D /* DetailView.swift */; };
		EC46AF36265B350500B94879 /* TipsDummy.swift in Sources */ = {isa = PBXBuildFile; fileRef = EC46AF35265B350500B94879 /* TipsDummy.swift */; };
		EC46AF3A265B359B00B94879 /* CourseDummy.swift in Sources */ = {isa = PBXBuildFile; fileRef = EC46AF39265B359B00B94879 /* CourseDummy.swift */; };
		ECCBC2982639210D0022714F /* Muzzez_SchoolApp.swift in Sources */ = {isa = PBXBuildFile; fileRef = ECCBC2972639210D0022714F /* Muzzez_SchoolApp.swift */; };
		ECCBC29A2639210D0022714F /* LoginContentView.swift in Sources */ = {isa = PBXBuildFile; fileRef = ECCBC2992639210D0022714F /* LoginContentView.swift */; };
		ECCBC29C263921100022714F /* Assets.xcassets in Resources */ = {isa = PBXBuildFile; fileRef = ECCBC29B263921100022714F /* Assets.xcassets */; };
		ECCBC29F263921100022714F /* Preview Assets.xcassets in Resources */ = {isa = PBXBuildFile; fileRef = ECCBC29E263921100022714F /* Preview Assets.xcassets */; };
		ECCBC2AA263930700022714F /* DaftarContentView.swift in Sources */ = {isa = PBXBuildFile; fileRef = ECCBC2A9263930700022714F /* DaftarContentView.swift */; };
/* End PBXBuildFile section */

/* Begin PBXFileReference section */
		619CC5ED2DC07B1F0C226D52 /* Pods_Muzzez_School.framework */ = {isa = PBXFileReference; explicitFileType = wrapper.framework; includeInIndex = 0; path = Pods_Muzzez_School.framework; sourceTree = BUILT_PRODUCTS_DIR; };
		85C8C719712C609A8C368C76 /* Pods-Muzzez School.release.xcconfig */ = {isa = PBXFileReference; includeInIndex = 1; lastKnownFileType = text.xcconfig; name = "Pods-Muzzez School.release.xcconfig"; path = "Target Support Files/Pods-Muzzez School/Pods-Muzzez School.release.xcconfig"; sourceTree = "<group>"; };
		EC0DBF5E264F67C2004C98B9 /* CustomPresentViewController.swift */ = {isa = PBXFileReference; fileEncoding = 4; lastKnownFileType = sourcecode.swift; path = CustomPresentViewController.swift; sourceTree = "<group>"; };
		EC0DBF5F264F67C2004C98B9 /* Indicator.swift */ = {isa = PBXFileReference; fileEncoding = 4; lastKnownFileType = sourcecode.swift; path = Indicator.swift; sourceTree = "<group>"; };
		EC0DBF60264F67C2004C98B9 /* NavigationBarColor.swift */ = {isa = PBXFileReference; fileEncoding = 4; lastKnownFileType = sourcecode.swift; path = NavigationBarColor.swift; sourceTree = "<group>"; };
		EC0DBF66264F6DB3004C98B9 /* CourseCellView.swift */ = {isa = PBXFileReference; lastKnownFileType = sourcecode.swift; path = CourseCellView.swift; sourceTree = "<group>"; };
		EC2D7C222642292F00FB8F3D /* HomeView.swift */ = {isa = PBXFileReference; lastKnownFileType = sourcecode.swift; path = HomeView.swift; sourceTree = "<group>"; };
		EC2D7C242642325900FB8F3D /* GoogleService-Info.plist */ = {isa = PBXFileReference; fileEncoding = 4; lastKnownFileType = text.plist.xml; path = "GoogleService-Info.plist"; sourceTree = "<group>"; };
		EC2D7C262642381E00FB8F3D /* AccountView.swift */ = {isa = PBXFileReference; lastKnownFileType = sourcecode.swift; path = AccountView.swift; sourceTree = "<group>"; };
		EC2D7C2826423D3500FB8F3D /* CourseView.swift */ = {isa = PBXFileReference; lastKnownFileType = sourcecode.swift; path = CourseView.swift; sourceTree = "<group>"; };
		EC2D7C2A26423DFB00FB8F3D /* HomeFrstView.swift */ = {isa = PBXFileReference; lastKnownFileType = sourcecode.swift; path = HomeFrstView.swift; sourceTree = "<group>"; };
		EC2D7C2C264248CF00FB8F3D /* CourseDetailView.swift */ = {isa = PBXFileReference; lastKnownFileType = sourcecode.swift; path = CourseDetailView.swift; sourceTree = "<group>"; };
		EC2D7C2E2642494E00FB8F3D /* BlurView.swift */ = {isa = PBXFileReference; lastKnownFileType = sourcecode.swift; path = BlurView.swift; sourceTree = "<group>"; };
		EC2D7C302642DD9900FB8F3D /* TipsCardView.swift */ = {isa = PBXFileReference; lastKnownFileType = sourcecode.swift; path = TipsCardView.swift; sourceTree = "<group>"; };
		EC2D7C322642E1BC00FB8F3D /* Course.swift */ = {isa = PBXFileReference; lastKnownFileType = sourcecode.swift; path = Course.swift; sourceTree = "<group>"; };
		EC2D7C342642E1F100FB8F3D /* Tips.swift */ = {isa = PBXFileReference; lastKnownFileType = sourcecode.swift; path = Tips.swift; sourceTree = "<group>"; };
		EC2D7C362642E52000FB8F3D /* DetailView.swift */ = {isa = PBXFileReference; lastKnownFileType = sourcecode.swift; path = DetailView.swift; sourceTree = "<group>"; };
		EC46AF35265B350500B94879 /* TipsDummy.swift */ = {isa = PBXFileReference; lastKnownFileType = sourcecode.swift; path = TipsDummy.swift; sourceTree = "<group>"; };
		EC46AF39265B359B00B94879 /* CourseDummy.swift */ = {isa = PBXFileReference; lastKnownFileType = sourcecode.swift; path = CourseDummy.swift; sourceTree = "<group>"; };
		ECCBC2942639210D0022714F /* Muzzez School.app */ = {isa = PBXFileReference; explicitFileType = wrapper.application; includeInIndex = 0; path = "Muzzez School.app"; sourceTree = BUILT_PRODUCTS_DIR; };
		ECCBC2972639210D0022714F /* Muzzez_SchoolApp.swift */ = {isa = PBXFileReference; lastKnownFileType = sourcecode.swift; path = Muzzez_SchoolApp.swift; sourceTree = "<group>"; };
		ECCBC2992639210D0022714F /* LoginContentView.swift */ = {isa = PBXFileReference; lastKnownFileType = sourcecode.swift; path = LoginContentView.swift; sourceTree = "<group>"; };
		ECCBC29B263921100022714F /* Assets.xcassets */ = {isa = PBXFileReference; lastKnownFileType = folder.assetcatalog; path = Assets.xcassets; sourceTree = "<group>"; };
		ECCBC29E263921100022714F /* Preview Assets.xcassets */ = {isa = PBXFileReference; lastKnownFileType = folder.assetcatalog; path = "Preview Assets.xcassets"; sourceTree = "<group>"; };
		ECCBC2A0263921100022714F /* Info.plist */ = {isa = PBXFileReference; lastKnownFileType = text.plist.xml; path = Info.plist; sourceTree = "<group>"; };
		ECCBC2A9263930700022714F /* DaftarContentView.swift */ = {isa = PBXFileReference; lastKnownFileType = sourcecode.swift; path = DaftarContentView.swift; sourceTree = "<group>"; };
		FDE74F1EF4A7AD97A807B5FE /* Pods-Muzzez School.debug.xcconfig */ = {isa = PBXFileReference; includeInIndex = 1; lastKnownFileType = text.xcconfig; name = "Pods-Muzzez School.debug.xcconfig"; path = "Target Support Files/Pods-Muzzez School/Pods-Muzzez School.debug.xcconfig"; sourceTree = "<group>"; };
/* End PBXFileReference section */

/* Begin PBXFrameworksBuildPhase section */
		ECCBC2912639210D0022714F /* Frameworks */ = {
			isa = PBXFrameworksBuildPhase;
			buildActionMask = 2147483647;
			files = (
				95912FAC32515452C42F82D8 /* Pods_Muzzez_School.framework in Frameworks */,
			);
			runOnlyForDeploymentPostprocessing = 0;
		};
/* End PBXFrameworksBuildPhase section */

/* Begin PBXGroup section */
		07CF4F814218EE8C33E85B8C /* Frameworks */ = {
			isa = PBXGroup;
			children = (
				619CC5ED2DC07B1F0C226D52 /* Pods_Muzzez_School.framework */,
			);
			name = Frameworks;
			sourceTree = "<group>";
		};
		68F6818421117A439927D70C /* Pods */ = {
			isa = PBXGroup;
			children = (
				FDE74F1EF4A7AD97A807B5FE /* Pods-Muzzez School.debug.xcconfig */,
				85C8C719712C609A8C368C76 /* Pods-Muzzez School.release.xcconfig */,
			);
			path = Pods;
			sourceTree = "<group>";
		};
		EC0DBF64264F67D6004C98B9 /* Component */ = {
			isa = PBXGroup;
			children = (
				EC2D7C2E2642494E00FB8F3D /* BlurView.swift */,
				EC2D7C302642DD9900FB8F3D /* TipsCardView.swift */,
				EC0DBF5E264F67C2004C98B9 /* CustomPresentViewController.swift */,
				EC0DBF5F264F67C2004C98B9 /* Indicator.swift */,
				EC0DBF60264F67C2004C98B9 /* NavigationBarColor.swift */,
				EC0DBF66264F6DB3004C98B9 /* CourseCellView.swift */,
			);
			path = Component;
			sourceTree = "<group>";
		};
		EC0DBF65264F67E7004C98B9 /* AuthenticationView */ = {
			isa = PBXGroup;
			children = (
				ECCBC2992639210D0022714F /* LoginContentView.swift */,
				ECCBC2A9263930700022714F /* DaftarContentView.swift */,
			);
			path = AuthenticationView;
			sourceTree = "<group>";
		};
		EC2D7C1F264228AA00FB8F3D /* View */ = {
			isa = PBXGroup;
			children = (
				EC0DBF65264F67E7004C98B9 /* AuthenticationView */,
				EC2D7C222642292F00FB8F3D /* HomeView.swift */,
				EC2D7C262642381E00FB8F3D /* AccountView.swift */,
				EC2D7C2826423D3500FB8F3D /* CourseView.swift */,
				EC2D7C2A26423DFB00FB8F3D /* HomeFrstView.swift */,
				EC2D7C2C264248CF00FB8F3D /* CourseDetailView.swift */,
				EC2D7C362642E52000FB8F3D /* DetailView.swift */,
				EC0DBF64264F67D6004C98B9 /* Component */,
			);
			path = View;
			sourceTree = "<group>";
		};
		EC2D7C20264228B500FB8F3D /* Model */ = {
			isa = PBXGroup;
			children = (
				EC2D7C322642E1BC00FB8F3D /* Course.swift */,
				EC2D7C342642E1F100FB8F3D /* Tips.swift */,
			);
			path = Model;
			sourceTree = "<group>";
		};
		EC2D7C21264228BF00FB8F3D /* ViewModels */ = {
			isa = PBXGroup;
			children = (
			);
			path = ViewModels;
			sourceTree = "<group>";
		};
		EC46AF34265B34E200B94879 /* DummyData */ = {
			isa = PBXGroup;
			children = (
				EC46AF35265B350500B94879 /* TipsDummy.swift */,
				EC46AF39265B359B00B94879 /* CourseDummy.swift */,
			);
			path = DummyData;
			sourceTree = "<group>";
		};
		ECCBC28B2639210D0022714F = {
			isa = PBXGroup;
			children = (
				ECCBC2962639210D0022714F /* Muzzez School */,
				ECCBC2952639210D0022714F /* Products */,
				68F6818421117A439927D70C /* Pods */,
				07CF4F814218EE8C33E85B8C /* Frameworks */,
			);
			sourceTree = "<group>";
		};
		ECCBC2952639210D0022714F /* Products */ = {
			isa = PBXGroup;
			children = (
				ECCBC2942639210D0022714F /* Muzzez School.app */,
			);
			name = Products;
			sourceTree = "<group>";
		};
		ECCBC2962639210D0022714F /* Muzzez School */ = {
			isa = PBXGroup;
			children = (
				EC46AF34265B34E200B94879 /* DummyData */,
				ECCBC2972639210D0022714F /* Muzzez_SchoolApp.swift */,
				EC2D7C20264228B500FB8F3D /* Model */,
				EC2D7C1F264228AA00FB8F3D /* View */,
				EC2D7C21264228BF00FB8F3D /* ViewModels */,
				ECCBC29B263921100022714F /* Assets.xcassets */,
				EC2D7C242642325900FB8F3D /* GoogleService-Info.plist */,
				ECCBC2A0263921100022714F /* Info.plist */,
				ECCBC29D263921100022714F /* Preview Content */,
			);
			path = "Muzzez School";
			sourceTree = "<group>";
		};
		ECCBC29D263921100022714F /* Preview Content */ = {
			isa = PBXGroup;
			children = (
				ECCBC29E263921100022714F /* Preview Assets.xcassets */,
			);
			path = "Preview Content";
			sourceTree = "<group>";
		};
/* End PBXGroup section */

/* Begin PBXNativeTarget section */
		ECCBC2932639210D0022714F /* Muzzez School */ = {
			isa = PBXNativeTarget;
			buildConfigurationList = ECCBC2A3263921100022714F /* Build configuration list for PBXNativeTarget "Muzzez School" */;
			buildPhases = (
				347BD80C360B021EB203E721 /* [CP] Check Pods Manifest.lock */,
				ECCBC2902639210D0022714F /* Sources */,
				ECCBC2912639210D0022714F /* Frameworks */,
				ECCBC2922639210D0022714F /* Resources */,
				EE20FA82D7E5083C3F6F0E0F /* [CP] Embed Pods Frameworks */,
			);
			buildRules = (
			);
			dependencies = (
			);
			name = "Muzzez School";
			productName = "Muzzez School";
			productReference = ECCBC2942639210D0022714F /* Muzzez School.app */;
			productType = "com.apple.product-type.application";
		};
/* End PBXNativeTarget section */

/* Begin PBXProject section */
		ECCBC28C2639210D0022714F /* Project object */ = {
			isa = PBXProject;
			attributes = {
				LastSwiftUpdateCheck = 1240;
				LastUpgradeCheck = 1240;
				TargetAttributes = {
					ECCBC2932639210D0022714F = {
						CreatedOnToolsVersion = 12.4;
					};
				};
			};
			buildConfigurationList = ECCBC28F2639210D0022714F /* Build configuration list for PBXProject "Muzzez School" */;
			compatibilityVersion = "Xcode 9.3";
			developmentRegion = en;
			hasScannedForEncodings = 0;
			knownRegions = (
				en,
				Base,
			);
			mainGroup = ECCBC28B2639210D0022714F;
			productRefGroup = ECCBC2952639210D0022714F /* Products */;
			projectDirPath = "";
			projectRoot = "";
			targets = (
				ECCBC2932639210D0022714F /* Muzzez School */,
			);
		};
/* End PBXProject section */

/* Begin PBXResourcesBuildPhase section */
		ECCBC2922639210D0022714F /* Resources */ = {
			isa = PBXResourcesBuildPhase;
			buildActionMask = 2147483647;
			files = (
				ECCBC29F263921100022714F /* Preview Assets.xcassets in Resources */,
				ECCBC29C263921100022714F /* Assets.xcassets in Resources */,
				EC2D7C252642325900FB8F3D /* GoogleService-Info.plist in Resources */,
			);
			runOnlyForDeploymentPostprocessing = 0;
		};
/* End PBXResourcesBuildPhase section */

/* Begin PBXShellScriptBuildPhase section */
		347BD80C360B021EB203E721 /* [CP] Check Pods Manifest.lock */ = {
			isa = PBXShellScriptBuildPhase;
			buildActionMask = 2147483647;
			files = (
			);
			inputFileListPaths = (
			);
			inputPaths = (
				"${PODS_PODFILE_DIR_PATH}/Podfile.lock",
				"${PODS_ROOT}/Manifest.lock",
			);
			name = "[CP] Check Pods Manifest.lock";
			outputFileListPaths = (
			);
			outputPaths = (
				"$(DERIVED_FILE_DIR)/Pods-Muzzez School-checkManifestLockResult.txt",
			);
			runOnlyForDeploymentPostprocessing = 0;
			shellPath = /bin/sh;
			shellScript = "diff \"${PODS_PODFILE_DIR_PATH}/Podfile.lock\" \"${PODS_ROOT}/Manifest.lock\" > /dev/null\nif [ $? != 0 ] ; then\n    # print error to STDERR\n    echo \"error: The sandbox is not in sync with the Podfile.lock. Run 'pod install' or update your CocoaPods installation.\" >&2\n    exit 1\nfi\n# This output is used by Xcode 'outputs' to avoid re-running this script phase.\necho \"SUCCESS\" > \"${SCRIPT_OUTPUT_FILE_0}\"\n";
			showEnvVarsInLog = 0;
		};
		EE20FA82D7E5083C3F6F0E0F /* [CP] Embed Pods Frameworks */ = {
			isa = PBXShellScriptBuildPhase;
			buildActionMask = 2147483647;
			files = (
			);
			inputFileListPaths = (
				"${PODS_ROOT}/Target Support Files/Pods-Muzzez School/Pods-Muzzez School-frameworks-${CONFIGURATION}-input-files.xcfilelist",
			);
			name = "[CP] Embed Pods Frameworks";
			outputFileListPaths = (
				"${PODS_ROOT}/Target Support Files/Pods-Muzzez School/Pods-Muzzez School-frameworks-${CONFIGURATION}-output-files.xcfilelist",
			);
			runOnlyForDeploymentPostprocessing = 0;
			shellPath = /bin/sh;
			shellScript = "\"${PODS_ROOT}/Target Support Files/Pods-Muzzez School/Pods-Muzzez School-frameworks.sh\"\n";
			showEnvVarsInLog = 0;
		};
/* End PBXShellScriptBuildPhase section */

/* Begin PBXSourcesBuildPhase section */
		ECCBC2902639210D0022714F /* Sources */ = {
			isa = PBXSourcesBuildPhase;
			buildActionMask = 2147483647;
			files = (
				EC46AF36265B350500B94879 /* TipsDummy.swift in Sources */,
				ECCBC29A2639210D0022714F /* LoginContentView.swift in Sources */,
				EC0DBF67264F6DB3004C98B9 /* CourseCellView.swift in Sources */,
				EC2D7C332642E1BD00FB8F3D /* Course.swift in Sources */,
				EC2D7C232642292F00FB8F3D /* HomeView.swift in Sources */,
				EC2D7C2D264248CF00FB8F3D /* CourseDetailView.swift in Sources */,
				EC2D7C2B26423DFB00FB8F3D /* HomeFrstView.swift in Sources */,
				EC2D7C352642E1F100FB8F3D /* Tips.swift in Sources */,
				ECCBC2982639210D0022714F /* Muzzez_SchoolApp.swift in Sources */,
				EC46AF3A265B359B00B94879 /* CourseDummy.swift in Sources */,
				EC0DBF63264F67C2004C98B9 /* NavigationBarColor.swift in Sources */,
				EC0DBF61264F67C2004C98B9 /* CustomPresentViewController.swift in Sources */,
				EC2D7C372642E52200FB8F3D /* DetailView.swift in Sources */,
				EC2D7C2F2642494E00FB8F3D /* BlurView.swift in Sources */,
				EC2D7C312642DD9A00FB8F3D /* TipsCardView.swift in Sources */,
				ECCBC2AA263930700022714F /* DaftarContentView.swift in Sources */,
				EC2D7C272642381E00FB8F3D /* AccountView.swift in Sources */,
				EC0DBF62264F67C2004C98B9 /* Indicator.swift in Sources */,
				EC2D7C2926423D3500FB8F3D /* CourseView.swift in Sources */,
			);
			runOnlyForDeploymentPostprocessing = 0;
		};
/* End PBXSourcesBuildPhase section */

/* Begin XCBuildConfiguration section */
		ECCBC2A1263921100022714F /* Debug */ = {
			isa = XCBuildConfiguration;
			buildSettings = {
				ALWAYS_SEARCH_USER_PATHS = NO;
				CLANG_ANALYZER_NONNULL = YES;
				CLANG_ANALYZER_NUMBER_OBJECT_CONVERSION = YES_AGGRESSIVE;
				CLANG_CXX_LANGUAGE_STANDARD = "gnu++14";
				CLANG_CXX_LIBRARY = "libc++";
				CLANG_ENABLE_MODULES = YES;
				CLANG_ENABLE_OBJC_ARC = YES;
				CLANG_ENABLE_OBJC_WEAK = YES;
				CLANG_WARN_BLOCK_CAPTURE_AUTORELEASING = YES;
				CLANG_WARN_BOOL_CONVERSION = YES;
				CLANG_WARN_COMMA = YES;
				CLANG_WARN_CONSTANT_CONVERSION = YES;
				CLANG_WARN_DEPRECATED_OBJC_IMPLEMENTATIONS = YES;
				CLANG_WARN_DIRECT_OBJC_ISA_USAGE = YES_ERROR;
				CLANG_WARN_DOCUMENTATION_COMMENTS = YES;
				CLANG_WARN_EMPTY_BODY = YES;
				CLANG_WARN_ENUM_CONVERSION = YES;
				CLANG_WARN_INFINITE_RECURSION = YES;
				CLANG_WARN_INT_CONVERSION = YES;
				CLANG_WARN_NON_LITERAL_NULL_CONVERSION = YES;
				CLANG_WARN_OBJC_IMPLICIT_RETAIN_SELF = YES;
				CLANG_WARN_OBJC_LITERAL_CONVERSION = YES;
				CLANG_WARN_OBJC_ROOT_CLASS = YES_ERROR;
				CLANG_WARN_QUOTED_INCLUDE_IN_FRAMEWORK_HEADER = YES;
				CLANG_WARN_RANGE_LOOP_ANALYSIS = YES;
				CLANG_WARN_STRICT_PROTOTYPES = YES;
				CLANG_WARN_SUSPICIOUS_MOVE = YES;
				CLANG_WARN_UNGUARDED_AVAILABILITY = YES_AGGRESSIVE;
				CLANG_WARN_UNREACHABLE_CODE = YES;
				CLANG_WARN__DUPLICATE_METHOD_MATCH = YES;
				COPY_PHASE_STRIP = NO;
				DEBUG_INFORMATION_FORMAT = dwarf;
				ENABLE_STRICT_OBJC_MSGSEND = YES;
				ENABLE_TESTABILITY = YES;
				GCC_C_LANGUAGE_STANDARD = gnu11;
				GCC_DYNAMIC_NO_PIC = NO;
				GCC_NO_COMMON_BLOCKS = YES;
				GCC_OPTIMIZATION_LEVEL = 0;
				GCC_PREPROCESSOR_DEFINITIONS = (
					"DEBUG=1",
					"$(inherited)",
				);
				GCC_WARN_64_TO_32_BIT_CONVERSION = YES;
				GCC_WARN_ABOUT_RETURN_TYPE = YES_ERROR;
				GCC_WARN_UNDECLARED_SELECTOR = YES;
				GCC_WARN_UNINITIALIZED_AUTOS = YES_AGGRESSIVE;
				GCC_WARN_UNUSED_FUNCTION = YES;
				GCC_WARN_UNUSED_VARIABLE = YES;
				IPHONEOS_DEPLOYMENT_TARGET = 14.4;
				MTL_ENABLE_DEBUG_INFO = INCLUDE_SOURCE;
				MTL_FAST_MATH = YES;
				ONLY_ACTIVE_ARCH = YES;
				SDKROOT = iphoneos;
				SWIFT_ACTIVE_COMPILATION_CONDITIONS = DEBUG;
				SWIFT_OPTIMIZATION_LEVEL = "-Onone";
			};
			name = Debug;
		};
		ECCBC2A2263921100022714F /* Release */ = {
			isa = XCBuildConfiguration;
			buildSettings = {
				ALWAYS_SEARCH_USER_PATHS = NO;
				CLANG_ANALYZER_NONNULL = YES;
				CLANG_ANALYZER_NUMBER_OBJECT_CONVERSION = YES_AGGRESSIVE;
				CLANG_CXX_LANGUAGE_STANDARD = "gnu++14";
				CLANG_CXX_LIBRARY = "libc++";
				CLANG_ENABLE_MODULES = YES;
				CLANG_ENABLE_OBJC_ARC = YES;
				CLANG_ENABLE_OBJC_WEAK = YES;
				CLANG_WARN_BLOCK_CAPTURE_AUTORELEASING = YES;
				CLANG_WARN_BOOL_CONVERSION = YES;
				CLANG_WARN_COMMA = YES;
				CLANG_WARN_CONSTANT_CONVERSION = YES;
				CLANG_WARN_DEPRECATED_OBJC_IMPLEMENTATIONS = YES;
				CLANG_WARN_DIRECT_OBJC_ISA_USAGE = YES_ERROR;
				CLANG_WARN_DOCUMENTATION_COMMENTS = YES;
				CLANG_WARN_EMPTY_BODY = YES;
				CLANG_WARN_ENUM_CONVERSION = YES;
				CLANG_WARN_INFINITE_RECURSION = YES;
				CLANG_WARN_INT_CONVERSION = YES;
				CLANG_WARN_NON_LITERAL_NULL_CONVERSION = YES;
				CLANG_WARN_OBJC_IMPLICIT_RETAIN_SELF = YES;
				CLANG_WARN_OBJC_LITERAL_CONVERSION = YES;
				CLANG_WARN_OBJC_ROOT_CLASS = YES_ERROR;
				CLANG_WARN_QUOTED_INCLUDE_IN_FRAMEWORK_HEADER = YES;
				CLANG_WARN_RANGE_LOOP_ANALYSIS = YES;
				CLANG_WARN_STRICT_PROTOTYPES = YES;
				CLANG_WARN_SUSPICIOUS_MOVE = YES;
				CLANG_WARN_UNGUARDED_AVAILABILITY = YES_AGGRESSIVE;
				CLANG_WARN_UNREACHABLE_CODE = YES;
				CLANG_WARN__DUPLICATE_METHOD_MATCH = YES;
				COPY_PHASE_STRIP = NO;
				DEBUG_INFORMATION_FORMAT = "dwarf-with-dsym";
				ENABLE_NS_ASSERTIONS = NO;
				ENABLE_STRICT_OBJC_MSGSEND = YES;
				GCC_C_LANGUAGE_STANDARD = gnu11;
				GCC_NO_COMMON_BLOCKS = YES;
				GCC_WARN_64_TO_32_BIT_CONVERSION = YES;
				GCC_WARN_ABOUT_RETURN_TYPE = YES_ERROR;
				GCC_WARN_UNDECLARED_SELECTOR = YES;
				GCC_WARN_UNINITIALIZED_AUTOS = YES_AGGRESSIVE;
				GCC_WARN_UNUSED_FUNCTION = YES;
				GCC_WARN_UNUSED_VARIABLE = YES;
				IPHONEOS_DEPLOYMENT_TARGET = 14.4;
				MTL_ENABLE_DEBUG_INFO = NO;
				MTL_FAST_MATH = YES;
				SDKROOT = iphoneos;
				SWIFT_COMPILATION_MODE = wholemodule;
				SWIFT_OPTIMIZATION_LEVEL = "-O";
				VALIDATE_PRODUCT = YES;
			};
			name = Release;
		};
		ECCBC2A4263921100022714F /* Debug */ = {
			isa = XCBuildConfiguration;
			baseConfigurationReference = FDE74F1EF4A7AD97A807B5FE /* Pods-Muzzez School.debug.xcconfig */;
			buildSettings = {
				ASSETCATALOG_COMPILER_APPICON_NAME = AppIcon;
				ASSETCATALOG_COMPILER_GLOBAL_ACCENT_COLOR_NAME = AccentColor;
				CODE_SIGN_STYLE = Automatic;
				DEVELOPMENT_ASSET_PATHS = "\"Muzzez School/Preview Content\"";
				DEVELOPMENT_TEAM = 6M5M727687;
				ENABLE_PREVIEWS = YES;
				INFOPLIST_FILE = "Muzzez School/Info.plist";
				IPHONEOS_DEPLOYMENT_TARGET = 14.0;
				LD_RUNPATH_SEARCH_PATHS = (
					"$(inherited)",
					"@executable_path/Frameworks",
				);
				PRODUCT_BUNDLE_IDENTIFIER = "com.gusadi.Muzzez-School";
				PRODUCT_NAME = "$(TARGET_NAME)";
				SWIFT_VERSION = 5.0;
				TARGETED_DEVICE_FAMILY = "1,2";
			};
			name = Debug;
		};
		ECCBC2A5263921100022714F /* Release */ = {
			isa = XCBuildConfiguration;
			baseConfigurationReference = 85C8C719712C609A8C368C76 /* Pods-Muzzez School.release.xcconfig */;
			buildSettings = {
				ASSETCATALOG_COMPILER_APPICON_NAME = AppIcon;
				ASSETCATALOG_COMPILER_GLOBAL_ACCENT_COLOR_NAME = AccentColor;
				CODE_SIGN_STYLE = Automatic;
				DEVELOPMENT_ASSET_PATHS = "\"Muzzez School/Preview Content\"";
				DEVELOPMENT_TEAM = 6M5M727687;
				ENABLE_PREVIEWS = YES;
				INFOPLIST_FILE = "Muzzez School/Info.plist";
				IPHONEOS_DEPLOYMENT_TARGET = 14.0;
				LD_RUNPATH_SEARCH_PATHS = (
					"$(inherited)",
					"@executable_path/Frameworks",
				);
				PRODUCT_BUNDLE_IDENTIFIER = "com.gusadi.Muzzez-School";
				PRODUCT_NAME = "$(TARGET_NAME)";
				SWIFT_VERSION = 5.0;
				TARGETED_DEVICE_FAMILY = "1,2";
			};
			name = Release;
		};
/* End XCBuildConfiguration section */

/* Begin XCConfigurationList section */
		ECCBC28F2639210D0022714F /* Build configuration list for PBXProject "Muzzez School" */ = {
			isa = XCConfigurationList;
			buildConfigurations = (
				ECCBC2A1263921100022714F /* Debug */,
				ECCBC2A2263921100022714F /* Release */,
			);
			defaultConfigurationIsVisible = 0;
			defaultConfigurationName = Release;
		};
		ECCBC2A3263921100022714F /* Build configuration list for PBXNativeTarget "Muzzez School" */ = {
			isa = XCConfigurationList;
			buildConfigurations = (
				ECCBC2A4263921100022714F /* Debug */,
				ECCBC2A5263921100022714F /* Release */,
			);
			defaultConfigurationIsVisible = 0;
			defaultConfigurationName = Release;
		};
/* End XCConfigurationList section */
	};
	rootObject = ECCBC28C2639210D0022714F /* Project object */;
}
